# This file is automatically @generated by Cargo.
# It is not intended for manual editing.
[[package]]
name = "aarch64"
version = "0.1.0"

[[package]]
name = "boot"
version = "0.1.0"
dependencies = [
 "pi 0.1.0",
 "shim 0.1.0",
 "xmodem 0.1.0",
]

[[package]]
name = "cfg-if"
version = "1.0.0"
source = "registry+https://github.com/rust-lang/crates.io-index"

[[package]]
name = "core_io"
version = "0.1.20190701"
source = "git+https://github.com/Willendless/rust-core_io#94f995e91183d9fc0fa5c80b1f1ec78f452c0c6e"
dependencies = [
 "rustc_version 0.2.3 (registry+https://github.com/rust-lang/crates.io-index)",
]

[[package]]
name = "pi"
version = "0.1.0"
dependencies = [
 "aarch64 0.1.0",
 "shim 0.1.0",
 "volatile 0.1.0",
]

[[package]]
name = "rustc_version"
version = "0.2.3"
source = "registry+https://github.com/rust-lang/crates.io-index"
dependencies = [
 "semver 0.9.0 (registry+https://github.com/rust-lang/crates.io-index)",
]

[[package]]
name = "semver"
version = "0.9.0"
source = "registry+https://github.com/rust-lang/crates.io-index"
dependencies = [
 "semver-parser 0.7.0 (registry+https://github.com/rust-lang/crates.io-index)",
]

[[package]]
name = "semver-parser"
version = "0.7.0"
source = "registry+https://github.com/rust-lang/crates.io-index"

[[package]]
name = "shim"
version = "0.1.0"
dependencies = [
 "cfg-if 1.0.0 (registry+https://github.com/rust-lang/crates.io-index)",
 "core_io 0.1.20190701 (git+https://github.com/Willendless/rust-core_io)",
]

[[package]]
name = "volatile"
version = "0.1.0"

[[package]]
name = "xmodem"
version = "0.1.0"
dependencies = [
 "shim 0.1.0",
]

[metadata]
"checksum cfg-if 1.0.0 (registry+https://github.com/rust-lang/crates.io-index)" = "baf1de4339761588bc0619e3cbc0120ee582ebb74b53b4efbf79117bd2da40fd"
"checksum core_io 0.1.20190701 (git+https://github.com/Willendless/rust-core_io)" = "<none>"
"checksum rustc_version 0.2.3 (registry+https://github.com/rust-lang/crates.io-index)" = "138e3e0acb6c9fb258b19b67cb8abd63c00679d2851805ea151465464fe9030a"
"checksum semver 0.9.0 (registry+https://github.com/rust-lang/crates.io-index)" = "1d7eb9ef2c18661902cc47e535f9bc51b78acd254da71d375c2f6720d9a40403"
"checksum semver-parser 0.7.0 (registry+https://github.com/rust-lang/crates.io-index)" = "388a1df253eca08550bef6c72392cfe7c30914bf41df5269b68cbd6ff8f570a3"
